// !$*UTF8*$!
{
	archiveVersion = 1;
	classes = {
	};
	objectVersion = 46;
	objects = {

/* Begin PBXBuildFile section */
		3715DEA81A3F5C6600207C02 /* resetButton.png in Resources */ = {isa = PBXBuildFile; fileRef = 3715DEA71A3F5C6600207C02 /* resetButton.png */; };
		3715DEAA1A3F865000207C02 /* beep.wav in Resources */ = {isa = PBXBuildFile; fileRef = 3715DEA91A3F865000207C02 /* beep.wav */; };
		3715DEAC1A3F8F0A00207C02 /* Flurry.wav in Resources */ = {isa = PBXBuildFile; fileRef = 3715DEAB1A3F8F0A00207C02 /* Flurry.wav */; };
		3715DEB01A3F923F00207C02 /* timeRanOut.png in Resources */ = {isa = PBXBuildFile; fileRef = 3715DEAF1A3F923F00207C02 /* timeRanOut.png */; };
		3715DEB21A3F92F500207C02 /* tryAgain.png in Resources */ = {isa = PBXBuildFile; fileRef = 3715DEB11A3F92F500207C02 /* tryAgain.png */; };
		3715DEB41A3F9D1900207C02 /* Medal.wav in Resources */ = {isa = PBXBuildFile; fileRef = 3715DEB31A3F9D1900207C02 /* Medal.wav */; };
		3715DEB61A3FB37200207C02 /* Pursuit.wav in Resources */ = {isa = PBXBuildFile; fileRef = 3715DEB51A3FB37200207C02 /* Pursuit.wav */; };
		3715DEB91A3FDFDD00207C02 /* ResultsViewController.m in Sources */ = {isa = PBXBuildFile; fileRef = 3715DEB81A3FDFDD00207C02 /* ResultsViewController.m */; };
		3715DEBD1A3FE5E400207C02 /* mazeComplete18.png in Resources */ = {isa = PBXBuildFile; fileRef = 3715DEBC1A3FE5E400207C02 /* mazeComplete18.png */; };
		3715DEBF1A3FEA1B00207C02 /* mazeScroll.png in Resources */ = {isa = PBXBuildFile; fileRef = 3715DEBE1A3FEA1B00207C02 /* mazeScroll.png */; };
		3715DEC11A3FEB2000207C02 /* maze1.png in Resources */ = {isa = PBXBuildFile; fileRef = 3715DEC01A3FEB2000207C02 /* maze1.png */; };
		3715DEC31A3FED5700207C02 /* youreASpy.png in Resources */ = {isa = PBXBuildFile; fileRef = 3715DEC21A3FED5700207C02 /* youreASpy.png */; };
		3715DEC51A3FF0B500207C02 /* results.png in Resources */ = {isa = PBXBuildFile; fileRef = 3715DEC41A3FF0B500207C02 /* results.png */; };
		3715DEC71A3FF7B600207C02 /* bond.wav in Resources */ = {isa = PBXBuildFile; fileRef = 3715DEC61A3FF7B600207C02 /* bond.wav */; };
		377618EF1A3EA8EC003711CF /* emptyScroll.png in Resources */ = {isa = PBXBuildFile; fileRef = 377618EE1A3EA8EC003711CF /* emptyScroll.png */; };
		377618F21A3EAA8E003711CF /* StudyViewController.m in Sources */ = {isa = PBXBuildFile; fileRef = 377618F11A3EAA8E003711CF /* StudyViewController.m */; };
		37B052381A3E2F4100938E17 /* LandingPageViewController.m in Sources */ = {isa = PBXBuildFile; fileRef = 37B052371A3E2F4100938E17 /* LandingPageViewController.m */; };
		37B0523A1A3E536800938E17 /* MediaPlayer.framework in Frameworks */ = {isa = PBXBuildFile; fileRef = 37B052391A3E536800938E17 /* MediaPlayer.framework */; };
		37B0523E1A3E6DB700938E17 /* Intro.mp4 in Resources */ = {isa = PBXBuildFile; fileRef = 37B0523D1A3E6CE200938E17 /* Intro.mp4 */; };
		37B052421A3E784F00938E17 /* postVideo.png in Resources */ = {isa = PBXBuildFile; fileRef = 37B052411A3E784F00938E17 /* postVideo.png */; };
		37B052461A3E7B3400938E17 /* mazebutton.png in Resources */ = {isa = PBXBuildFile; fileRef = 37B052451A3E7B3400938E17 /* mazebutton.png */; };
		37B052481A3E8C4E00938E17 /* MazeTransition.mp4 in Resources */ = {isa = PBXBuildFile; fileRef = 37B052471A3E8BD100938E17 /* MazeTransition.mp4 */; };
		37B0524B1A3E8CD500938E17 /* MazeViewController.m in Sources */ = {isa = PBXBuildFile; fileRef = 37B0524A1A3E8CD500938E17 /* MazeViewController.m */; };
		37B0524D1A3E8FCF00938E17 /* mazeBackground.png in Resources */ = {isa = PBXBuildFile; fileRef = 37B0524C1A3E8FCF00938E17 /* mazeBackground.png */; };
		37B0524F1A3E94A100938E17 /* mazeComplete.png in Resources */ = {isa = PBXBuildFile; fileRef = 37B0524E1A3E94A100938E17 /* mazeComplete.png */; };
		37B052531A3E96C600938E17 /* continue.png in Resources */ = {isa = PBXBuildFile; fileRef = 37B052521A3E96C600938E17 /* continue.png */; };
		37B052581A3E9C1400938E17 /* ISpyTransition.mp4 in Resources */ = {isa = PBXBuildFile; fileRef = 37B052571A3E9C0800938E17 /* ISpyTransition.mp4 */; };
		37B0525A1A3EA7A200938E17 /* ISpy.png in Resources */ = {isa = PBXBuildFile; fileRef = 37B052591A3EA7A200938E17 /* ISpy.png */; };
		387F194E1A37929500F1014A /* main.m in Sources */ = {isa = PBXBuildFile; fileRef = 387F194D1A37929500F1014A /* main.m */; };
		387F19511A37929500F1014A /* AppDelegate.m in Sources */ = {isa = PBXBuildFile; fileRef = 387F19501A37929500F1014A /* AppDelegate.m */; };
		387F19571A37929500F1014A /* Main.storyboard in Resources */ = {isa = PBXBuildFile; fileRef = 387F19551A37929500F1014A /* Main.storyboard */; };
		387F19591A37929500F1014A /* Images.xcassets in Resources */ = {isa = PBXBuildFile; fileRef = 387F19581A37929500F1014A /* Images.xcassets */; };
		387F195C1A37929500F1014A /* LaunchScreen.xib in Resources */ = {isa = PBXBuildFile; fileRef = 387F195A1A37929500F1014A /* LaunchScreen.xib */; };
		387F19681A37929500F1014A /* GlobalMeducationTests.m in Sources */ = {isa = PBXBuildFile; fileRef = 387F19671A37929500F1014A /* GlobalMeducationTests.m */; };
		6C64C0DA1A3A3699002B059C /* QuartzCore.framework in Frameworks */ = {isa = PBXBuildFile; fileRef = 6C64C0D91A3A3699002B059C /* QuartzCore.framework */; };
		6C64C0DC1A3A36A2002B059C /* CoreImage.framework in Frameworks */ = {isa = PBXBuildFile; fileRef = 6C64C0DB1A3A36A2002B059C /* CoreImage.framework */; };
		6C64C0DE1A3A36AE002B059C /* AVFoundation.framework in Frameworks */ = {isa = PBXBuildFile; fileRef = 6C64C0DD1A3A36AE002B059C /* AVFoundation.framework */; };
		6C64C0E01A3A36B7002B059C /* CoreVideo.framework in Frameworks */ = {isa = PBXBuildFile; fileRef = 6C64C0DF1A3A36B7002B059C /* CoreVideo.framework */; };
		6C64C0E21A3A36C0002B059C /* AssetsLibrary.framework in Frameworks */ = {isa = PBXBuildFile; fileRef = 6C64C0E11A3A36C0002B059C /* AssetsLibrary.framework */; };
		6C64C0E41A3A36CF002B059C /* CoreMedia.framework in Frameworks */ = {isa = PBXBuildFile; fileRef = 6C64C0E31A3A36CF002B059C /* CoreMedia.framework */; };
		6C64C0E61A3A3783002B059C /* UIKit.framework in Frameworks */ = {isa = PBXBuildFile; fileRef = 6C64C0E51A3A3783002B059C /* UIKit.framework */; };
		6C64C0E81A3A3971002B059C /* Accelerate.framework in Frameworks */ = {isa = PBXBuildFile; fileRef = 6C64C0E71A3A3971002B059C /* Accelerate.framework */; };
		6C64C0EA1A3A39A3002B059C /* CoreGraphics.framework in Frameworks */ = {isa = PBXBuildFile; fileRef = 6C64C0E91A3A39A3002B059C /* CoreGraphics.framework */; };
		6C64C0EC1A3A39C7002B059C /* Foundation.framework in Frameworks */ = {isa = PBXBuildFile; fileRef = 6C64C0EB1A3A39C7002B059C /* Foundation.framework */; };
/* End PBXBuildFile section */

/* Begin PBXContainerItemProxy section */
		387F19621A37929500F1014A /* PBXContainerItemProxy */ = {
			isa = PBXContainerItemProxy;
			containerPortal = 387F19401A37929500F1014A /* Project object */;
			proxyType = 1;
			remoteGlobalIDString = 387F19471A37929500F1014A;
			remoteInfo = GlobalMeducation;
		};
/* End PBXContainerItemProxy section */

/* Begin PBXFileReference section */
		3715DEA71A3F5C6600207C02 /* resetButton.png */ = {isa = PBXFileReference; lastKnownFileType = image.png; path = resetButton.png; sourceTree = "<group>"; };
		3715DEA91A3F865000207C02 /* beep.wav */ = {isa = PBXFileReference; lastKnownFileType = audio.wav; path = beep.wav; sourceTree = "<group>"; };
		3715DEAB1A3F8F0A00207C02 /* Flurry.wav */ = {isa = PBXFileReference; lastKnownFileType = audio.wav; path = Flurry.wav; sourceTree = "<group>"; };
		3715DEAF1A3F923F00207C02 /* timeRanOut.png */ = {isa = PBXFileReference; lastKnownFileType = image.png; path = timeRanOut.png; sourceTree = "<group>"; };
		3715DEB11A3F92F500207C02 /* tryAgain.png */ = {isa = PBXFileReference; lastKnownFileType = image.png; path = tryAgain.png; sourceTree = "<group>"; };
		3715DEB31A3F9D1900207C02 /* Medal.wav */ = {isa = PBXFileReference; lastKnownFileType = audio.wav; path = Medal.wav; sourceTree = "<group>"; };
		3715DEB51A3FB37200207C02 /* Pursuit.wav */ = {isa = PBXFileReference; lastKnownFileType = audio.wav; path = Pursuit.wav; sourceTree = "<group>"; };
		3715DEB71A3FDFDD00207C02 /* ResultsViewController.h */ = {isa = PBXFileReference; fileEncoding = 4; lastKnownFileType = sourcecode.c.h; path = ResultsViewController.h; sourceTree = "<group>"; };
		3715DEB81A3FDFDD00207C02 /* ResultsViewController.m */ = {isa = PBXFileReference; fileEncoding = 4; lastKnownFileType = sourcecode.c.objc; path = ResultsViewController.m; sourceTree = "<group>"; };
		3715DEBC1A3FE5E400207C02 /* mazeComplete18.png */ = {isa = PBXFileReference; lastKnownFileType = image.png; path = mazeComplete18.png; sourceTree = "<group>"; };
		3715DEBE1A3FEA1B00207C02 /* mazeScroll.png */ = {isa = PBXFileReference; lastKnownFileType = image.png; path = mazeScroll.png; sourceTree = "<group>"; };
		3715DEC01A3FEB2000207C02 /* maze1.png */ = {isa = PBXFileReference; lastKnownFileType = image.png; path = maze1.png; sourceTree = "<group>"; };
		3715DEC21A3FED5700207C02 /* youreASpy.png */ = {isa = PBXFileReference; lastKnownFileType = image.png; path = youreASpy.png; sourceTree = "<group>"; };
		3715DEC41A3FF0B500207C02 /* results.png */ = {isa = PBXFileReference; lastKnownFileType = image.png; path = results.png; sourceTree = "<group>"; };
		3715DEC61A3FF7B600207C02 /* bond.wav */ = {isa = PBXFileReference; lastKnownFileType = audio.wav; path = bond.wav; sourceTree = "<group>"; };
		377618EE1A3EA8EC003711CF /* emptyScroll.png */ = {isa = PBXFileReference; lastKnownFileType = image.png; path = emptyScroll.png; sourceTree = "<group>"; };
		377618F01A3EAA8E003711CF /* StudyViewController.h */ = {isa = PBXFileReference; fileEncoding = 4; lastKnownFileType = sourcecode.c.h; name = StudyViewController.h; path = ../StudyViewController.h; sourceTree = "<group>"; };
		377618F11A3EAA8E003711CF /* StudyViewController.m */ = {isa = PBXFileReference; fileEncoding = 4; lastKnownFileType = sourcecode.c.objc; name = StudyViewController.m; path = ../StudyViewController.m; sourceTree = "<group>"; };
		37B052361A3E2F4100938E17 /* LandingPageViewController.h */ = {isa = PBXFileReference; fileEncoding = 4; lastKnownFileType = sourcecode.c.h; path = LandingPageViewController.h; sourceTree = "<group>"; };
		37B052371A3E2F4100938E17 /* LandingPageViewController.m */ = {isa = PBXFileReference; fileEncoding = 4; lastKnownFileType = sourcecode.c.objc; path = LandingPageViewController.m; sourceTree = "<group>"; };
		37B052391A3E536800938E17 /* MediaPlayer.framework */ = {isa = PBXFileReference; lastKnownFileType = wrapper.framework; name = MediaPlayer.framework; path = System/Library/Frameworks/MediaPlayer.framework; sourceTree = SDKROOT; };
		37B0523D1A3E6CE200938E17 /* Intro.mp4 */ = {isa = PBXFileReference; lastKnownFileType = file; path = Intro.mp4; sourceTree = "<group>"; };
		37B052411A3E784F00938E17 /* postVideo.png */ = {isa = PBXFileReference; lastKnownFileType = image.png; path = postVideo.png; sourceTree = "<group>"; };
		37B052451A3E7B3400938E17 /* mazebutton.png */ = {isa = PBXFileReference; lastKnownFileType = image.png; path = mazebutton.png; sourceTree = "<group>"; };
		37B052471A3E8BD100938E17 /* MazeTransition.mp4 */ = {isa = PBXFileReference; lastKnownFileType = file; path = MazeTransition.mp4; sourceTree = "<group>"; };
		37B052491A3E8CD500938E17 /* MazeViewController.h */ = {isa = PBXFileReference; fileEncoding = 4; lastKnownFileType = sourcecode.c.h; path = MazeViewController.h; sourceTree = "<group>"; };
		37B0524A1A3E8CD500938E17 /* MazeViewController.m */ = {isa = PBXFileReference; fileEncoding = 4; lastKnownFileType = sourcecode.c.objc; path = MazeViewController.m; sourceTree = "<group>"; };
		37B0524C1A3E8FCF00938E17 /* mazeBackground.png */ = {isa = PBXFileReference; lastKnownFileType = image.png; path = mazeBackground.png; sourceTree = "<group>"; };
		37B0524E1A3E94A100938E17 /* mazeComplete.png */ = {isa = PBXFileReference; lastKnownFileType = image.png; path = mazeComplete.png; sourceTree = "<group>"; };
		37B052521A3E96C600938E17 /* continue.png */ = {isa = PBXFileReference; lastKnownFileType = image.png; path = continue.png; sourceTree = "<group>"; };
		37B052571A3E9C0800938E17 /* ISpyTransition.mp4 */ = {isa = PBXFileReference; lastKnownFileType = file; path = ISpyTransition.mp4; sourceTree = "<group>"; };
		37B052591A3EA7A200938E17 /* ISpy.png */ = {isa = PBXFileReference; lastKnownFileType = image.png; path = ISpy.png; sourceTree = "<group>"; };
		387F19481A37929500F1014A /* GlobalMeducation.app */ = {isa = PBXFileReference; explicitFileType = wrapper.application; includeInIndex = 0; path = GlobalMeducation.app; sourceTree = BUILT_PRODUCTS_DIR; };
		387F194C1A37929500F1014A /* Info.plist */ = {isa = PBXFileReference; lastKnownFileType = text.plist.xml; path = Info.plist; sourceTree = "<group>"; };
		387F194D1A37929500F1014A /* main.m */ = {isa = PBXFileReference; lastKnownFileType = sourcecode.c.objc; path = main.m; sourceTree = "<group>"; };
		387F194F1A37929500F1014A /* AppDelegate.h */ = {isa = PBXFileReference; lastKnownFileType = sourcecode.c.h; path = AppDelegate.h; sourceTree = "<group>"; };
		387F19501A37929500F1014A /* AppDelegate.m */ = {isa = PBXFileReference; lastKnownFileType = sourcecode.c.objc; path = AppDelegate.m; sourceTree = "<group>"; };
		387F19561A37929500F1014A /* Base */ = {isa = PBXFileReference; lastKnownFileType = file.storyboard; name = Base; path = Base.lproj/Main.storyboard; sourceTree = "<group>"; };
		387F19581A37929500F1014A /* Images.xcassets */ = {isa = PBXFileReference; lastKnownFileType = folder.assetcatalog; path = Images.xcassets; sourceTree = "<group>"; };
		387F195B1A37929500F1014A /* Base */ = {isa = PBXFileReference; lastKnownFileType = file.xib; name = Base; path = Base.lproj/LaunchScreen.xib; sourceTree = "<group>"; };
		387F19611A37929500F1014A /* GlobalMeducationTests.xctest */ = {isa = PBXFileReference; explicitFileType = wrapper.cfbundle; includeInIndex = 0; path = GlobalMeducationTests.xctest; sourceTree = BUILT_PRODUCTS_DIR; };
		387F19661A37929500F1014A /* Info.plist */ = {isa = PBXFileReference; lastKnownFileType = text.plist.xml; path = Info.plist; sourceTree = "<group>"; };
		387F19671A37929500F1014A /* GlobalMeducationTests.m */ = {isa = PBXFileReference; lastKnownFileType = sourcecode.c.objc; path = GlobalMeducationTests.m; sourceTree = "<group>"; };
		6C64C0D91A3A3699002B059C /* QuartzCore.framework */ = {isa = PBXFileReference; lastKnownFileType = wrapper.framework; name = QuartzCore.framework; path = System/Library/Frameworks/QuartzCore.framework; sourceTree = SDKROOT; };
		6C64C0DB1A3A36A2002B059C /* CoreImage.framework */ = {isa = PBXFileReference; lastKnownFileType = wrapper.framework; name = CoreImage.framework; path = System/Library/Frameworks/CoreImage.framework; sourceTree = SDKROOT; };
		6C64C0DD1A3A36AE002B059C /* AVFoundation.framework */ = {isa = PBXFileReference; lastKnownFileType = wrapper.framework; name = AVFoundation.framework; path = System/Library/Frameworks/AVFoundation.framework; sourceTree = SDKROOT; };
		6C64C0DF1A3A36B7002B059C /* CoreVideo.framework */ = {isa = PBXFileReference; lastKnownFileType = wrapper.framework; name = CoreVideo.framework; path = System/Library/Frameworks/CoreVideo.framework; sourceTree = SDKROOT; };
		6C64C0E11A3A36C0002B059C /* AssetsLibrary.framework */ = {isa = PBXFileReference; lastKnownFileType = wrapper.framework; name = AssetsLibrary.framework; path = System/Library/Frameworks/AssetsLibrary.framework; sourceTree = SDKROOT; };
		6C64C0E31A3A36CF002B059C /* CoreMedia.framework */ = {isa = PBXFileReference; lastKnownFileType = wrapper.framework; name = CoreMedia.framework; path = System/Library/Frameworks/CoreMedia.framework; sourceTree = SDKROOT; };
		6C64C0E51A3A3783002B059C /* UIKit.framework */ = {isa = PBXFileReference; lastKnownFileType = wrapper.framework; name = UIKit.framework; path = System/Library/Frameworks/UIKit.framework; sourceTree = SDKROOT; };
		6C64C0E71A3A3971002B059C /* Accelerate.framework */ = {isa = PBXFileReference; lastKnownFileType = wrapper.framework; name = Accelerate.framework; path = System/Library/Frameworks/Accelerate.framework; sourceTree = SDKROOT; };
		6C64C0E91A3A39A3002B059C /* CoreGraphics.framework */ = {isa = PBXFileReference; lastKnownFileType = wrapper.framework; name = CoreGraphics.framework; path = System/Library/Frameworks/CoreGraphics.framework; sourceTree = SDKROOT; };
		6C64C0EB1A3A39C7002B059C /* Foundation.framework */ = {isa = PBXFileReference; lastKnownFileType = wrapper.framework; name = Foundation.framework; path = System/Library/Frameworks/Foundation.framework; sourceTree = SDKROOT; };
/* End PBXFileReference section */

/* Begin PBXFrameworksBuildPhase section */
		387F19451A37929500F1014A /* Frameworks */ = {
			isa = PBXFrameworksBuildPhase;
			buildActionMask = 2147483647;
			files = (
				37B0523A1A3E536800938E17 /* MediaPlayer.framework in Frameworks */,
				6C64C0EC1A3A39C7002B059C /* Foundation.framework in Frameworks */,
				6C64C0EA1A3A39A3002B059C /* CoreGraphics.framework in Frameworks */,
				6C64C0E81A3A3971002B059C /* Accelerate.framework in Frameworks */,
				6C64C0E61A3A3783002B059C /* UIKit.framework in Frameworks */,
				6C64C0E41A3A36CF002B059C /* CoreMedia.framework in Frameworks */,
				6C64C0E21A3A36C0002B059C /* AssetsLibrary.framework in Frameworks */,
				6C64C0E01A3A36B7002B059C /* CoreVideo.framework in Frameworks */,
				6C64C0DE1A3A36AE002B059C /* AVFoundation.framework in Frameworks */,
				6C64C0DC1A3A36A2002B059C /* CoreImage.framework in Frameworks */,
				6C64C0DA1A3A3699002B059C /* QuartzCore.framework in Frameworks */,
			);
			runOnlyForDeploymentPostprocessing = 0;
		};
		387F195E1A37929500F1014A /* Frameworks */ = {
			isa = PBXFrameworksBuildPhase;
			buildActionMask = 2147483647;
			files = (
			);
			runOnlyForDeploymentPostprocessing = 0;
		};
/* End PBXFrameworksBuildPhase section */

/* Begin PBXGroup section */
		387F193F1A37929500F1014A = {
			isa = PBXGroup;
			children = (
				37B052391A3E536800938E17 /* MediaPlayer.framework */,
				6C64C0EB1A3A39C7002B059C /* Foundation.framework */,
				6C64C0E91A3A39A3002B059C /* CoreGraphics.framework */,
				6C64C0E71A3A3971002B059C /* Accelerate.framework */,
				6C64C0E51A3A3783002B059C /* UIKit.framework */,
				6C64C0E31A3A36CF002B059C /* CoreMedia.framework */,
				6C64C0E11A3A36C0002B059C /* AssetsLibrary.framework */,
				6C64C0DF1A3A36B7002B059C /* CoreVideo.framework */,
				6C64C0DD1A3A36AE002B059C /* AVFoundation.framework */,
				6C64C0DB1A3A36A2002B059C /* CoreImage.framework */,
				6C64C0D91A3A3699002B059C /* QuartzCore.framework */,
				387F194A1A37929500F1014A /* GlobalMeducation */,
				387F19641A37929500F1014A /* GlobalMeducationTests */,
				387F19491A37929500F1014A /* Products */,
			);
			sourceTree = "<group>";
		};
		387F19491A37929500F1014A /* Products */ = {
			isa = PBXGroup;
			children = (
				387F19481A37929500F1014A /* GlobalMeducation.app */,
				387F19611A37929500F1014A /* GlobalMeducationTests.xctest */,
			);
			name = Products;
			sourceTree = "<group>";
		};
		387F194A1A37929500F1014A /* GlobalMeducation */ = {
			isa = PBXGroup;
			children = (
				387F194F1A37929500F1014A /* AppDelegate.h */,
				37B052411A3E784F00938E17 /* postVideo.png */,
				37B052451A3E7B3400938E17 /* mazebutton.png */,
				37B052571A3E9C0800938E17 /* ISpyTransition.mp4 */,
				37B0524E1A3E94A100938E17 /* mazeComplete.png */,
				387F19501A37929500F1014A /* AppDelegate.m */,
				37B052591A3EA7A200938E17 /* ISpy.png */,
				3715DEA71A3F5C6600207C02 /* resetButton.png */,
				3715DEB31A3F9D1900207C02 /* Medal.wav */,
				3715DEA91A3F865000207C02 /* beep.wav */,
				3715DEB11A3F92F500207C02 /* tryAgain.png */,
				3715DEC41A3FF0B500207C02 /* results.png */,
				37B052471A3E8BD100938E17 /* MazeTransition.mp4 */,
				37B052521A3E96C600938E17 /* continue.png */,
				3715DEB51A3FB37200207C02 /* Pursuit.wav */,
				3715DEC61A3FF7B600207C02 /* bond.wav */,
				3715DEC01A3FEB2000207C02 /* maze1.png */,
				3715DEBE1A3FEA1B00207C02 /* mazeScroll.png */,
				3715DEBC1A3FE5E400207C02 /* mazeComplete18.png */,
				377618EE1A3EA8EC003711CF /* emptyScroll.png */,
				3715DEC21A3FED5700207C02 /* youreASpy.png */,
				3715DEAB1A3F8F0A00207C02 /* Flurry.wav */,
				387F19551A37929500F1014A /* Main.storyboard */,
				3715DEB71A3FDFDD00207C02 /* ResultsViewController.h */,
				3715DEB81A3FDFDD00207C02 /* ResultsViewController.m */,
				37B052491A3E8CD500938E17 /* MazeViewController.h */,
				37B0524C1A3E8FCF00938E17 /* mazeBackground.png */,
				37B0524A1A3E8CD500938E17 /* MazeViewController.m */,
				3715DEAF1A3F923F00207C02 /* timeRanOut.png */,
				377618F01A3EAA8E003711CF /* StudyViewController.h */,
				377618F11A3EAA8E003711CF /* StudyViewController.m */,
				37B052361A3E2F4100938E17 /* LandingPageViewController.h */,
				37B052371A3E2F4100938E17 /* LandingPageViewController.m */,
				37B0523D1A3E6CE200938E17 /* Intro.mp4 */,
				387F19581A37929500F1014A /* Images.xcassets */,
				387F195A1A37929500F1014A /* LaunchScreen.xib */,
				387F194B1A37929500F1014A /* Supporting Files */,
			);
			path = GlobalMeducation;
			sourceTree = "<group>";
		};
		387F194B1A37929500F1014A /* Supporting Files */ = {
			isa = PBXGroup;
			children = (
				387F194C1A37929500F1014A /* Info.plist */,
				387F194D1A37929500F1014A /* main.m */,
			);
			name = "Supporting Files";
			sourceTree = "<group>";
		};
		387F19641A37929500F1014A /* GlobalMeducationTests */ = {
			isa = PBXGroup;
			children = (
				387F19671A37929500F1014A /* GlobalMeducationTests.m */,
				387F19651A37929500F1014A /* Supporting Files */,
			);
			path = GlobalMeducationTests;
			sourceTree = "<group>";
		};
		387F19651A37929500F1014A /* Supporting Files */ = {
			isa = PBXGroup;
			children = (
				387F19661A37929500F1014A /* Info.plist */,
			);
			name = "Supporting Files";
			sourceTree = "<group>";
		};
/* End PBXGroup section */

/* Begin PBXNativeTarget section */
		387F19471A37929500F1014A /* GlobalMeducation */ = {
			isa = PBXNativeTarget;
			buildConfigurationList = 387F196B1A37929500F1014A /* Build configuration list for PBXNativeTarget "GlobalMeducation" */;
			buildPhases = (
				387F19441A37929500F1014A /* Sources */,
				387F19451A37929500F1014A /* Frameworks */,
				387F19461A37929500F1014A /* Resources */,
			);
			buildRules = (
			);
			dependencies = (
			);
			name = GlobalMeducation;
			productName = GlobalMeducation;
			productReference = 387F19481A37929500F1014A /* GlobalMeducation.app */;
			productType = "com.apple.product-type.application";
		};
		387F19601A37929500F1014A /* GlobalMeducationTests */ = {
			isa = PBXNativeTarget;
			buildConfigurationList = 387F196E1A37929500F1014A /* Build configuration list for PBXNativeTarget "GlobalMeducationTests" */;
			buildPhases = (
				387F195D1A37929500F1014A /* Sources */,
				387F195E1A37929500F1014A /* Frameworks */,
				387F195F1A37929500F1014A /* Resources */,
			);
			buildRules = (
			);
			dependencies = (
				387F19631A37929500F1014A /* PBXTargetDependency */,
			);
			name = GlobalMeducationTests;
			productName = GlobalMeducationTests;
			productReference = 387F19611A37929500F1014A /* GlobalMeducationTests.xctest */;
			productType = "com.apple.product-type.bundle.unit-test";
		};
/* End PBXNativeTarget section */

/* Begin PBXProject section */
		387F19401A37929500F1014A /* Project object */ = {
			isa = PBXProject;
			attributes = {
				LastUpgradeCheck = 0610;
				ORGANIZATIONNAME = Sharkbait;
				TargetAttributes = {
					387F19471A37929500F1014A = {
						CreatedOnToolsVersion = 6.1.1;
					};
					387F19601A37929500F1014A = {
						CreatedOnToolsVersion = 6.1.1;
						TestTargetID = 387F19471A37929500F1014A;
					};
				};
			};
			buildConfigurationList = 387F19431A37929500F1014A /* Build configuration list for PBXProject "GlobalMeducation" */;
			compatibilityVersion = "Xcode 3.2";
			developmentRegion = English;
			hasScannedForEncodings = 0;
			knownRegions = (
				en,
				Base,
			);
			mainGroup = 387F193F1A37929500F1014A;
			productRefGroup = 387F19491A37929500F1014A /* Products */;
			projectDirPath = "";
			projectRoot = "";
			targets = (
				387F19471A37929500F1014A /* GlobalMeducation */,
				387F19601A37929500F1014A /* GlobalMeducationTests */,
			);
		};
/* End PBXProject section */

/* Begin PBXResourcesBuildPhase section */
		387F19461A37929500F1014A /* Resources */ = {
			isa = PBXResourcesBuildPhase;
			buildActionMask = 2147483647;
			files = (
				3715DEAA1A3F865000207C02 /* beep.wav in Resources */,
				3715DEC31A3FED5700207C02 /* youreASpy.png in Resources */,
				3715DEB61A3FB37200207C02 /* Pursuit.wav in Resources */,
				37B0525A1A3EA7A200938E17 /* ISpy.png in Resources */,
				37B0523E1A3E6DB700938E17 /* Intro.mp4 in Resources */,
				3715DEAC1A3F8F0A00207C02 /* Flurry.wav in Resources */,
				37B052581A3E9C1400938E17 /* ISpyTransition.mp4 in Resources */,
				3715DEC71A3FF7B600207C02 /* bond.wav in Resources */,
				3715DEC51A3FF0B500207C02 /* results.png in Resources */,
				37B052421A3E784F00938E17 /* postVideo.png in Resources */,
				37B052531A3E96C600938E17 /* continue.png in Resources */,
				3715DEC11A3FEB2000207C02 /* maze1.png in Resources */,
				37B0524D1A3E8FCF00938E17 /* mazeBackground.png in Resources */,
				387F19571A37929500F1014A /* Main.storyboard in Resources */,
				37B0524F1A3E94A100938E17 /* mazeComplete.png in Resources */,
				3715DEBF1A3FEA1B00207C02 /* mazeScroll.png in Resources */,
				37B052481A3E8C4E00938E17 /* MazeTransition.mp4 in Resources */,
				387F195C1A37929500F1014A /* LaunchScreen.xib in Resources */,
				3715DEA81A3F5C6600207C02 /* resetButton.png in Resources */,
				37B052461A3E7B3400938E17 /* mazebutton.png in Resources */,
				377618EF1A3EA8EC003711CF /* emptyScroll.png in Resources */,
				3715DEB41A3F9D1900207C02 /* Medal.wav in Resources */,
				387F19591A37929500F1014A /* Images.xcassets in Resources */,
				3715DEB21A3F92F500207C02 /* tryAgain.png in Resources */,
				3715DEBD1A3FE5E400207C02 /* mazeComplete18.png in Resources */,
				3715DEB01A3F923F00207C02 /* timeRanOut.png in Resources */,
			);
			runOnlyForDeploymentPostprocessing = 0;
		};
		387F195F1A37929500F1014A /* Resources */ = {
			isa = PBXResourcesBuildPhase;
			buildActionMask = 2147483647;
			files = (
			);
			runOnlyForDeploymentPostprocessing = 0;
		};
/* End PBXResourcesBuildPhase section */

/* Begin PBXSourcesBuildPhase section */
		387F19441A37929500F1014A /* Sources */ = {
			isa = PBXSourcesBuildPhase;
			buildActionMask = 2147483647;
			files = (
				377618F21A3EAA8E003711CF /* StudyViewController.m in Sources */,
				387F19511A37929500F1014A /* AppDelegate.m in Sources */,
				37B052381A3E2F4100938E17 /* LandingPageViewController.m in Sources */,
				3715DEB91A3FDFDD00207C02 /* ResultsViewController.m in Sources */,
				387F194E1A37929500F1014A /* main.m in Sources */,
				37B0524B1A3E8CD500938E17 /* MazeViewController.m in Sources */,
			);
			runOnlyForDeploymentPostprocessing = 0;
		};
		387F195D1A37929500F1014A /* Sources */ = {
			isa = PBXSourcesBuildPhase;
			buildActionMask = 2147483647;
			files = (
				387F19681A37929500F1014A /* GlobalMeducationTests.m in Sources */,
			);
			runOnlyForDeploymentPostprocessing = 0;
		};
/* End PBXSourcesBuildPhase section */

/* Begin PBXTargetDependency section */
		387F19631A37929500F1014A /* PBXTargetDependency */ = {
			isa = PBXTargetDependency;
			target = 387F19471A37929500F1014A /* GlobalMeducation */;
			targetProxy = 387F19621A37929500F1014A /* PBXContainerItemProxy */;
		};
/* End PBXTargetDependency section */

/* Begin PBXVariantGroup section */
		387F19551A37929500F1014A /* Main.storyboard */ = {
			isa = PBXVariantGroup;
			children = (
				387F19561A37929500F1014A /* Base */,
			);
			name = Main.storyboard;
			sourceTree = "<group>";
		};
		387F195A1A37929500F1014A /* LaunchScreen.xib */ = {
			isa = PBXVariantGroup;
			children = (
				387F195B1A37929500F1014A /* Base */,
			);
			name = LaunchScreen.xib;
			sourceTree = "<group>";
		};
/* End PBXVariantGroup section */

/* Begin XCBuildConfiguration section */
		387F19691A37929500F1014A /* Debug */ = {
			isa = XCBuildConfiguration;
			buildSettings = {
				ALWAYS_SEARCH_USER_PATHS = NO;
				CLANG_CXX_LANGUAGE_STANDARD = "gnu++0x";
				CLANG_CXX_LIBRARY = "libc++";
				CLANG_ENABLE_MODULES = YES;
				CLANG_ENABLE_OBJC_ARC = YES;
				CLANG_WARN_BOOL_CONVERSION = YES;
				CLANG_WARN_CONSTANT_CONVERSION = YES;
				CLANG_WARN_DIRECT_OBJC_ISA_USAGE = YES_ERROR;
				CLANG_WARN_EMPTY_BODY = YES;
				CLANG_WARN_ENUM_CONVERSION = YES;
				CLANG_WARN_INT_CONVERSION = YES;
				CLANG_WARN_OBJC_ROOT_CLASS = YES_ERROR;
				CLANG_WARN_UNREACHABLE_CODE = YES;
				CLANG_WARN__DUPLICATE_METHOD_MATCH = YES;
				"CODE_SIGN_IDENTITY[sdk=iphoneos*]" = "iPhone Developer";
				COPY_PHASE_STRIP = NO;
				ENABLE_STRICT_OBJC_MSGSEND = YES;
				GCC_C_LANGUAGE_STANDARD = gnu99;
				GCC_DYNAMIC_NO_PIC = NO;
				GCC_OPTIMIZATION_LEVEL = 0;
				GCC_PREPROCESSOR_DEFINITIONS = (
					"DEBUG=1",
					"$(inherited)",
				);
				GCC_SYMBOLS_PRIVATE_EXTERN = NO;
				GCC_WARN_64_TO_32_BIT_CONVERSION = YES;
				GCC_WARN_ABOUT_RETURN_TYPE = YES_ERROR;
				GCC_WARN_UNDECLARED_SELECTOR = YES;
				GCC_WARN_UNINITIALIZED_AUTOS = YES_AGGRESSIVE;
				GCC_WARN_UNUSED_FUNCTION = YES;
				GCC_WARN_UNUSED_VARIABLE = YES;
				IPHONEOS_DEPLOYMENT_TARGET = 8.1;
				MTL_ENABLE_DEBUG_INFO = YES;
				ONLY_ACTIVE_ARCH = YES;
				SDKROOT = iphoneos;
				TARGETED_DEVICE_FAMILY = 2;
			};
			name = Debug;
		};
		387F196A1A37929500F1014A /* Release */ = {
			isa = XCBuildConfiguration;
			buildSettings = {
				ALWAYS_SEARCH_USER_PATHS = NO;
				CLANG_CXX_LANGUAGE_STANDARD = "gnu++0x";
				CLANG_CXX_LIBRARY = "libc++";
				CLANG_ENABLE_MODULES = YES;
				CLANG_ENABLE_OBJC_ARC = YES;
				CLANG_WARN_BOOL_CONVERSION = YES;
				CLANG_WARN_CONSTANT_CONVERSION = YES;
				CLANG_WARN_DIRECT_OBJC_ISA_USAGE = YES_ERROR;
				CLANG_WARN_EMPTY_BODY = YES;
				CLANG_WARN_ENUM_CONVERSION = YES;
				CLANG_WARN_INT_CONVERSION = YES;
				CLANG_WARN_OBJC_ROOT_CLASS = YES_ERROR;
				CLANG_WARN_UNREACHABLE_CODE = YES;
				CLANG_WARN__DUPLICATE_METHOD_MATCH = YES;
				"CODE_SIGN_IDENTITY[sdk=iphoneos*]" = "iPhone Developer";
				COPY_PHASE_STRIP = YES;
				ENABLE_NS_ASSERTIONS = NO;
				ENABLE_STRICT_OBJC_MSGSEND = YES;
				GCC_C_LANGUAGE_STANDARD = gnu99;
				GCC_WARN_64_TO_32_BIT_CONVERSION = YES;
				GCC_WARN_ABOUT_RETURN_TYPE = YES_ERROR;
				GCC_WARN_UNDECLARED_SELECTOR = YES;
				GCC_WARN_UNINITIALIZED_AUTOS = YES_AGGRESSIVE;
				GCC_WARN_UNUSED_FUNCTION = YES;
				GCC_WARN_UNUSED_VARIABLE = YES;
				IPHONEOS_DEPLOYMENT_TARGET = 8.1;
				MTL_ENABLE_DEBUG_INFO = NO;
				SDKROOT = iphoneos;
				TARGETED_DEVICE_FAMILY = 2;
				VALIDATE_PRODUCT = YES;
			};
			name = Release;
		};
		387F196C1A37929500F1014A /* Debug */ = {
			isa = XCBuildConfiguration;
			buildSettings = {
				ASSETCATALOG_COMPILER_APPICON_NAME = AppIcon;
				FRAMEWORK_SEARCH_PATHS = (
					"$(inherited)",
					"$(PROJECT_DIR)",
				);
				INFOPLIST_FILE = GlobalMeducation/Info.plist;
				LD_RUNPATH_SEARCH_PATHS = "$(inherited) @executable_path/Frameworks";
				PRODUCT_NAME = "$(TARGET_NAME)";
				TARGETED_DEVICE_FAMILY = 2;
			};
			name = Debug;
		};
		387F196D1A37929500F1014A /* Release */ = {
			isa = XCBuildConfiguration;
			buildSettings = {
				ASSETCATALOG_COMPILER_APPICON_NAME = AppIcon;
				FRAMEWORK_SEARCH_PATHS = (
					"$(inherited)",
					"$(PROJECT_DIR)",
				);
				INFOPLIST_FILE = GlobalMeducation/Info.plist;
				LD_RUNPATH_SEARCH_PATHS = "$(inherited) @executable_path/Frameworks";
				PRODUCT_NAME = "$(TARGET_NAME)";
				TARGETED_DEVICE_FAMILY = 2;
			};
			name = Release;
		};
		387F196F1A37929500F1014A /* Debug */ = {
			isa = XCBuildConfiguration;
			buildSettings = {
				BUNDLE_LOADER = "$(TEST_HOST)";
				FRAMEWORK_SEARCH_PATHS = (
					"$(SDKROOT)/Developer/Library/Frameworks",
					"$(inherited)",
				);
				GCC_PREPROCESSOR_DEFINITIONS = (
					"DEBUG=1",
					"$(inherited)",
				);
				INFOPLIST_FILE = GlobalMeducationTests/Info.plist;
				LD_RUNPATH_SEARCH_PATHS = "$(inherited) @executable_path/Frameworks @loader_path/Frameworks";
				PRODUCT_NAME = "$(TARGET_NAME)";
				TEST_HOST = "$(BUILT_PRODUCTS_DIR)/GlobalMeducation.app/GlobalMeducation";
			};
			name = Debug;
		};
		387F19701A37929500F1014A /* Release */ = {
			isa = XCBuildConfiguration;
			buildSettings = {
				BUNDLE_LOADER = "$(TEST_HOST)";
				FRAMEWORK_SEARCH_PATHS = (
					"$(SDKROOT)/Developer/Library/Frameworks",
					"$(inherited)",
				);
				INFOPLIST_FILE = GlobalMeducationTests/Info.plist;
				LD_RUNPATH_SEARCH_PATHS = "$(inherited) @executable_path/Frameworks @loader_path/Frameworks";
				PRODUCT_NAME = "$(TARGET_NAME)";
				TEST_HOST = "$(BUILT_PRODUCTS_DIR)/GlobalMeducation.app/GlobalMeducation";
			};
			name = Release;
		};
/* End XCBuildConfiguration section */

/* Begin XCConfigurationList section */
		387F19431A37929500F1014A /* Build configuration list for PBXProject "GlobalMeducation" */ = {
			isa = XCConfigurationList;
			buildConfigurations = (
				387F19691A37929500F1014A /* Debug */,
				387F196A1A37929500F1014A /* Release */,
			);
			defaultConfigurationIsVisible = 0;
			defaultConfigurationName = Release;
		};
		387F196B1A37929500F1014A /* Build configuration list for PBXNativeTarget "GlobalMeducation" */ = {
			isa = XCConfigurationList;
			buildConfigurations = (
				387F196C1A37929500F1014A /* Debug */,
				387F196D1A37929500F1014A /* Release */,
			);
			defaultConfigurationIsVisible = 0;
			defaultConfigurationName = Release;
		};
		387F196E1A37929500F1014A /* Build configuration list for PBXNativeTarget "GlobalMeducationTests" */ = {
			isa = XCConfigurationList;
			buildConfigurations = (
				387F196F1A37929500F1014A /* Debug */,
				387F19701A37929500F1014A /* Release */,
			);
			defaultConfigurationIsVisible = 0;
			defaultConfigurationName = Release;
		};
/* End XCConfigurationList section */
	};
	rootObject = 387F19401A37929500F1014A /* Project object */;
}
